
Microsoft Visual Studio Solution File, Format Version 12.00
# Visual Studio Version 16
VisualStudioVersion = 16.0.31205.134
MinimumVisualStudioVersion = 10.0.40219.1
Project("{FAE04EC0-301F-11D3-BF4B-00C04F79EFBC}") = "WindowsDiscordRPC", "WindowsDiscordRPC.csproj", "{29C5189E-8CDF-4288-B8E1-41D2166BA864}"
EndProject
Global
	GlobalSection(SolutionConfigurationPlatforms) = preSolution
		Debug|Any CPU = Debug|Any CPU
		Release|Any CPU = Release|Any CPU
	EndGlobalSection
	GlobalSection(ProjectConfigurationPlatforms) = postSolution
		{29C5189E-8CDF-4288-B8E1-41D2166BA864}.Debug|Any CPU.ActiveCfg = Debug|Any CPU
		{29C5189E-8CDF-4288-B8E1-41D2166BA864}.Debug|Any CPU.Build.0 = Debug|Any CPU
		{29C5189E-8CDF-4288-B8E1-41D2166BA864}.Release|Any CPU.ActiveCfg = Release|Any CPU
		{29C5189E-8CDF-4288-B8E1-41D2166BA864}.Release|Any CPU.Build.0 = Release|Any CPU
	EndGlobalSection
	GlobalSection(SolutionProperties) = preSolution
		HideSolutionNode = FALSE
	EndGlobalSection
	GlobalSection(ExtensibilityGlobals) = postSolution
		SolutionGuid = {DAD9289C-EFE3-46C7-85D4-09A69711E996}
	EndGlobalSection
EndGlobal
